
Microsoft Visual Studio Solution File, Format Version 12.00
# Visual Studio 15
VisualStudioVersion = 15.0.26730.10
MinimumVisualStudioVersion = 10.0.40219.1
Project("{FAE04EC0-301F-11D3-BF4B-00C04F79EFBC}") = "MastaneClinic", "MastaneClinic\MastaneClinic.csproj", "{B716C5F8-8370-47B2-AF1E-38C7E9202546}"
EndProject
Global
	GlobalSection(SolutionConfigurationPlatforms) = preSolution
		Debug|Any CPU = Debug|Any CPU
		Release|Any CPU = Release|Any CPU
	EndGlobalSection
	GlobalSection(ProjectConfigurationPlatforms) = postSolution
		{B716C5F8-8370-47B2-AF1E-38C7E9202546}.Debug|Any CPU.ActiveCfg = Debug|Any CPU
		{B716C5F8-8370-47B2-AF1E-38C7E9202546}.Debug|Any CPU.Build.0 = Debug|Any CPU
		{B716C5F8-8370-47B2-AF1E-38C7E9202546}.Release|Any CPU.ActiveCfg = Release|Any CPU
		{B716C5F8-8370-47B2-AF1E-38C7E9202546}.Release|Any CPU.Build.0 = Release|Any CPU
	EndGlobalSection
	GlobalSection(SolutionProperties) = preSolution
		HideSolutionNode = FALSE
	EndGlobalSection
	GlobalSection(ExtensibilityGlobals) = postSolution
		SolutionGuid = {A29CD3D6-9B6A-42EE-BD67-AAF081F03EEA}
	EndGlobalSection
EndGlobal
